{
  "name": "vmux-examples",
  "version": "1.0.0",
  "lockfileVersion": 3,
  "requires": true,
  "packages": {
    "": {
      "name": "vmux-examples",
      "version": "1.0.0",
      "license": "ISC",
      "dependencies": {
        "@cloudflare/sandbox": "^0.6.10"
      }
    },
    "node_modules/@cloudflare/containers": {
      "version": "0.0.30",
      "resolved": "https://registry.npmjs.org/@cloudflare/containers/-/containers-0.0.30.tgz",
      "integrity": "sha512-i148xBgmyn/pje82ZIyuTr/Ae0BT/YWwa1/GTJcw6DxEjUHAzZLaBCiX446U9OeuJ2rBh/L/9FIzxX5iYNt1AQ==",
      "license": "ISC"
    },
    "node_modules/@cloudflare/sandbox": {
      "version": "0.6.10",
      "resolved": "https://registry.npmjs.org/@cloudflare/sandbox/-/sandbox-0.6.10.tgz",
      "integrity": "sha512-rQygMktW45IPay8u326Eg5iAnuRAkROK3R2HjsN3xBqiqneNSYwdww+xxa0PuY+gkC/5ykzaCtXhE1LpOFhM+w==",
      "license": "Apache-2.0",
      "dependencies": {
        "@cloudflare/containers": "^0.0.30"
      },
      "peerDependencies": {
        "@openai/agents": "^0.3.3",
        "@opencode-ai/sdk": "^1.0.137"
      },
      "peerDependenciesMeta": {
        "@openai/agents": {
          "optional": true
        },
        "@opencode-ai/sdk": {
          "optional": true
        }
      }
    }
  }
}
